// !$*UTF8*$!
{
	archiveVersion = 1;
	classes = {
	};
	objectVersion = 77;
	objects = {

/* Begin PBXBuildFile section */
		53E21B5E2E89DB1E00ABD9B4 /* SpotifyiOS in Frameworks */ = {isa = PBXBuildFile; productRef = 53E21B5D2E89DB1E00ABD9B4 /* SpotifyiOS */; };
		53E21B602E89DB8C00ABD9B4 /* SpotifyiOS in Frameworks */ = {isa = PBXBuildFile; productRef = 53E21B5F2E89DB8C00ABD9B4 /* SpotifyiOS */; };
		53E21B762E89E1D600ABD9B4 /* SpotifyiOS in Frameworks */ = {isa = PBXBuildFile; productRef = 53E21B752E89E1D600ABD9B4 /* SpotifyiOS */; };
/* End PBXBuildFile section */

/* Begin PBXFileReference section */
		53F406C82E88B8A100F34A63 /* vinyl_app.app */ = {isa = PBXFileReference; explicitFileType = wrapper.application; includeInIndex = 0; path = vinyl_app.app; sourceTree = BUILT_PRODUCTS_DIR; };
		53F406D62E88B8A300F34A63 /* ProjectDebug.xcconfig */ = {isa = PBXFileReference; lastKnownFileType = text.xcconfig; path = ProjectDebug.xcconfig; sourceTree = "<group>"; };
		53F406D72E88B8A300F34A63 /* ProjectRelease.xcconfig */ = {isa = PBXFileReference; lastKnownFileType = text.xcconfig; path = ProjectRelease.xcconfig; sourceTree = "<group>"; };
		53F406D82E88B8A300F34A63 /* TargetDebug.xcconfig */ = {isa = PBXFileReference; lastKnownFileType = text.xcconfig; path = TargetDebug.xcconfig; sourceTree = "<group>"; };
		53F406D92E88B8A300F34A63 /* TargetRelease.xcconfig */ = {isa = PBXFileReference; lastKnownFileType = text.xcconfig; path = TargetRelease.xcconfig; sourceTree = "<group>"; };
/* End PBXFileReference section */

/* Begin PBXFileSystemSynchronizedRootGroup section */
		53F406CA2E88B8A100F34A63 /* vinyl_app */ = {
			isa = PBXFileSystemSynchronizedRootGroup;
			path = vinyl_app;
			sourceTree = "<group>";
		};
/* End PBXFileSystemSynchronizedRootGroup section */

/* Begin PBXFrameworksBuildPhase section */
		53F406C52E88B8A100F34A63 /* Frameworks */ = {
			isa = PBXFrameworksBuildPhase;
			buildActionMask = 2147483647;
			files = (
				53E21B602E89DB8C00ABD9B4 /* SpotifyiOS in Frameworks */,
				53E21B5E2E89DB1E00ABD9B4 /* SpotifyiOS in Frameworks */,
				53E21B762E89E1D600ABD9B4 /* SpotifyiOS in Frameworks */,
			);
			runOnlyForDeploymentPostprocessing = 0;
		};
/* End PBXFrameworksBuildPhase section */

/* Begin PBXGroup section */
		53F406BF2E88B8A100F34A63 = {
			isa = PBXGroup;
			children = (
				53F406DA2E88B8A300F34A63 /* Config */,
				53F406CA2E88B8A100F34A63 /* vinyl_app */,
				53F406C92E88B8A100F34A63 /* Products */,
			);
			sourceTree = "<group>";
		};
		53F406C92E88B8A100F34A63 /* Products */ = {
			isa = PBXGroup;
			children = (
				53F406C82E88B8A100F34A63 /* vinyl_app.app */,
			);
			name = Products;
			sourceTree = "<group>";
		};
		53F406DA2E88B8A300F34A63 /* Config */ = {
			isa = PBXGroup;
			children = (
				53F406D62E88B8A300F34A63 /* ProjectDebug.xcconfig */,
				53F406D72E88B8A300F34A63 /* ProjectRelease.xcconfig */,
				53F406D82E88B8A300F34A63 /* TargetDebug.xcconfig */,
				53F406D92E88B8A300F34A63 /* TargetRelease.xcconfig */,
			);
			path = Config;
			sourceTree = "<group>";
		};
/* End PBXGroup section */

/* Begin PBXNativeTarget section */
		53F406C72E88B8A100F34A63 /* vinyl_app */ = {
			isa = PBXNativeTarget;
			buildConfigurationList = 53F406D32E88B8A300F34A63 /* Build configuration list for PBXNativeTarget "vinyl_app" */;
			buildPhases = (
				53F406C42E88B8A100F34A63 /* Sources */,
				53F406C52E88B8A100F34A63 /* Frameworks */,
				53F406C62E88B8A100F34A63 /* Resources */,
			);
			buildRules = (
			);
			dependencies = (
			);
			fileSystemSynchronizedGroups = (
				53F406CA2E88B8A100F34A63 /* vinyl_app */,
			);
			name = vinyl_app;
			productName = vinyl_app;
			productReference = 53F406C82E88B8A100F34A63 /* vinyl_app.app */;
			productType = "com.apple.product-type.application";
		};
/* End PBXNativeTarget section */

/* Begin PBXProject section */
		53F406C02E88B8A100F34A63 /* Project object */ = {
			isa = PBXProject;
			attributes = {
				BuildIndependentTargetsInParallel = 1;
				LastSwiftUpdateCheck = 2600;
				LastUpgradeCheck = 2600;
				TargetAttributes = {
					53F406C72E88B8A100F34A63 = {
						CreatedOnToolsVersion = 26.0.1;
					};
				};
			};
			buildConfigurationList = 53F406C32E88B8A100F34A63 /* Build configuration list for PBXProject "vinyl_app" */;
			developmentRegion = en;
			hasScannedForEncodings = 0;
			knownRegions = (
				en,
				Base,
			);
			mainGroup = 53F406BF2E88B8A100F34A63;
			minimizedProjectReferenceProxies = 1;
			packageReferences = (
				5335688D2E8942A100ADAA08 /* XCRemoteSwiftPackageReference "ios-sdk" */,
			);
			preferredProjectObjectVersion = 77;
			productRefGroup = 53F406C92E88B8A100F34A63 /* Products */;
			projectDirPath = "";
			projectRoot = "";
			targets = (
				53F406C72E88B8A100F34A63 /* vinyl_app */,
			);
		};
/* End PBXProject section */

/* Begin PBXResourcesBuildPhase section */
		53F406C62E88B8A100F34A63 /* Resources */ = {
			isa = PBXResourcesBuildPhase;
			buildActionMask = 2147483647;
			files = (
			);
			runOnlyForDeploymentPostprocessing = 0;
		};
/* End PBXResourcesBuildPhase section */

/* Begin PBXSourcesBuildPhase section */
		53F406C42E88B8A100F34A63 /* Sources */ = {
			isa = PBXSourcesBuildPhase;
			buildActionMask = 2147483647;
			files = (
			);
			runOnlyForDeploymentPostprocessing = 0;
		};
/* End PBXSourcesBuildPhase section */

/* Begin XCBuildConfiguration section */
		53F406D12E88B8A300F34A63 /* Debug */ = {
			isa = XCBuildConfiguration;
			baseConfigurationReference = 53F406D62E88B8A300F34A63 /* ProjectDebug.xcconfig */;
			buildSettings = {
			};
			name = Debug;
		};
		53F406D22E88B8A300F34A63 /* Release */ = {
			isa = XCBuildConfiguration;
			baseConfigurationReference = 53F406D72E88B8A300F34A63 /* ProjectRelease.xcconfig */;
			buildSettings = {
			};
			name = Release;
		};
		53F406D42E88B8A300F34A63 /* Debug */ = {
			isa = XCBuildConfiguration;
			baseConfigurationReference = 53F406D82E88B8A300F34A63 /* TargetDebug.xcconfig */;
			buildSettings = {
			};
			name = Debug;
		};
		53F406D52E88B8A300F34A63 /* Release */ = {
			isa = XCBuildConfiguration;
			baseConfigurationReference = 53F406D92E88B8A300F34A63 /* TargetRelease.xcconfig */;
			buildSettings = {
			};
			name = Release;
		};
/* End XCBuildConfiguration section */

/* Begin XCConfigurationList section */
		53F406C32E88B8A100F34A63 /* Build configuration list for PBXProject "vinyl_app" */ = {
			isa = XCConfigurationList;
			buildConfigurations = (
				53F406D12E88B8A300F34A63 /* Debug */,
				53F406D22E88B8A300F34A63 /* Release */,
			);
			defaultConfigurationIsVisible = 0;
			defaultConfigurationName = Release;
		};
		53F406D32E88B8A300F34A63 /* Build configuration list for PBXNativeTarget "vinyl_app" */ = {
			isa = XCConfigurationList;
			buildConfigurations = (
				53F406D42E88B8A300F34A63 /* Debug */,
				53F406D52E88B8A300F34A63 /* Release */,
			);
			defaultConfigurationIsVisible = 0;
			defaultConfigurationName = Release;
		};
/* End XCConfigurationList section */

/* Begin XCRemoteSwiftPackageReference section */
		5335688D2E8942A100ADAA08 /* XCRemoteSwiftPackageReference "ios-sdk" */ = {
			isa = XCRemoteSwiftPackageReference;
			repositoryURL = "https://github.com/spotify/ios-sdk";
			requirement = {
				kind = exactVersion;
				version = 5.0.1;
			};
		};
/* End XCRemoteSwiftPackageReference section */

/* Begin XCSwiftPackageProductDependency section */
		53E21B5D2E89DB1E00ABD9B4 /* SpotifyiOS */ = {
			isa = XCSwiftPackageProductDependency;
			package = 5335688D2E8942A100ADAA08 /* XCRemoteSwiftPackageReference "ios-sdk" */;
			productName = SpotifyiOS;
		};
		53E21B5F2E89DB8C00ABD9B4 /* SpotifyiOS */ = {
			isa = XCSwiftPackageProductDependency;
			package = 5335688D2E8942A100ADAA08 /* XCRemoteSwiftPackageReference "ios-sdk" */;
			productName = SpotifyiOS;
		};
		53E21B752E89E1D600ABD9B4 /* SpotifyiOS */ = {
			isa = XCSwiftPackageProductDependency;
			package = 5335688D2E8942A100ADAA08 /* XCRemoteSwiftPackageReference "ios-sdk" */;
			productName = SpotifyiOS;
		};
/* End XCSwiftPackageProductDependency section */
	};
	rootObject = 53F406C02E88B8A100F34A63 /* Project object */;
}
